
Microsoft Visual Studio Solution File, Format Version 12.00
# Visual Studio Version 17
VisualStudioVersion = 17.6.33815.320
MinimumVisualStudioVersion = 10.0.40219.1
Project("{FAE04EC0-301F-11D3-BF4B-00C04F79EFBC}") = "WindowsFormsApp1", "WindowsFormsApp1\WindowsFormsApp1.csproj", "{34F4091A-778F-4212-9A32-47DAED8BF312}"
EndProject
Global
	GlobalSection(SolutionConfigurationPlatforms) = preSolution
		Debug|Any CPU = Debug|Any CPU
		Release|Any CPU = Release|Any CPU
	EndGlobalSection
	GlobalSection(ProjectConfigurationPlatforms) = postSolution
		{34F4091A-778F-4212-9A32-47DAED8BF312}.Debug|Any CPU.ActiveCfg = Debug|Any CPU
		{34F4091A-778F-4212-9A32-47DAED8BF312}.Debug|Any CPU.Build.0 = Debug|Any CPU
		{34F4091A-778F-4212-9A32-47DAED8BF312}.Release|Any CPU.ActiveCfg = Release|Any CPU
		{34F4091A-778F-4212-9A32-47DAED8BF312}.Release|Any CPU.Build.0 = Release|Any CPU
	EndGlobalSection
	GlobalSection(SolutionProperties) = preSolution
		HideSolutionNode = FALSE
	EndGlobalSection
	GlobalSection(ExtensibilityGlobals) = postSolution
		SolutionGuid = {F3223E42-07BC-473E-99E2-762381FAC877}
	EndGlobalSection
EndGlobal
